<?xml version="1.0" encoding="utf-8"?>
<Project ToolsVersion="4.0" xmlns="http://schemas.microsoft.com/developer/msbuild/2003">
  <ItemGroup>
    <ClCompile Include="contract_core.cpp" />
    <ClCompile Include="m256.cpp" />
    <ClCompile Include="math_lib.cpp" />
    <ClCompile Include="network_messages.cpp" />
    <ClCompile Include="platform.cpp" />
    <ClCompile Include="qpi.cpp" />
    <ClCompile Include="tx_status_request.cpp" />
    <ClCompile Include="score.cpp" />
    <ClCompile Include="score_cache.cpp" />
    <ClCompile Include="tick_storage.cpp" />
    <ClCompile Include="vote_counter.cpp" />
    <ClCompile Include="qpi_collection.cpp" />
    <ClCompile Include="spectrum.cpp" />
    <ClCompile Include="stdlib_impl.cpp" />
    <ClCompile Include="qpi_hash_map.cpp" />
    <ClCompile Include="kangaroo_twelve.cpp" />
    <ClCompile Include="contract_qearn.cpp" />
    <ClCompile Include="contract_qx.cpp" />
    <ClCompile Include="contract_qswap.cpp" />
    <ClCompile Include="contract_qvault.cpp" />
    <ClCompile Include="common_def.cpp" />
    <ClCompile Include="assets.cpp" />
    <ClCompile Include="contract_msvault.cpp" />
    <ClCompile Include="contract_testex.cpp" />
    <ClCompile Include="contract_qbay.cpp" />
    <ClCompile Include="contract_nostromo.cpp" />
    <ClCompile Include="contract_rl.cpp" />
    <ClCompile Include="file_io.cpp" />
    <ClCompile Include="virtual_memory.cpp" />
    <ClCompile Include="custom_mining.cpp" />
    <ClCompile Include="contract_qutil.cpp" />
    <ClCompile Include="revenue.cpp" />
    <ClCompile Include="time.cpp" />
    <ClCompile Include="contract_gqmprop.cpp" />
    <ClCompile Include="qpi_date_time.cpp" />
    <ClCompile Include="uint128.cpp" />
    <ClCompile Include="fourq.cpp" />
    <ClCompile Include="contract_qbond.cpp" />
  </ItemGroup>
  <ItemGroup>
    <ClInclude Include="score_reference.h" />
    <ClInclude Include="score_params.h" />
    <ClInclude Include="contract_testing.h" />
    <ClInclude Include="test_util.h" />
    <ClInclude Include="logging_test.h" />
  </ItemGroup>
  <ItemGroup>
    <None Include="packages.config" />
  </ItemGroup>
  <ItemGroup>
    <Filter Include="core">
      <UniqueIdentifier>{b544a744-99a4-4a9d-b445-211aabef63f2}</UniqueIdentifier>
    </Filter>
  </ItemGroup>
  <ItemGroup>
    <MASM Include="..\src\platform\custom_stack.asm">
      <Filter>core</Filter>
    </MASM>
  </ItemGroup>
</Project>