<?xml version="1.0" encoding="utf-8"?>
<Project ToolsVersion="4.0" xmlns="http://schemas.microsoft.com/developer/msbuild/2003">
  <ItemGroup>
    <ClCompile Include="qubic.cpp" />
  </ItemGroup>
  <ItemGroup>
    <ClInclude Include="qpi.h" />
    <ClInclude Include="qubics\Qx.h" />
    <ClInclude Include="smart_contracts.h" />
    <ClInclude Include="private_settings.h" />
    <ClInclude Include="public_settings.h" />
    <ClInclude Include="uefi.h" />
    <ClInclude Include="kangaroo_twelve.h" />
    <ClInclude Include="four_q.h" />
  </ItemGroup>
</Project>