<?xml version="1.0" encoding="utf-8"?>
<Project ToolsVersion="4.0" xmlns="http://schemas.microsoft.com/developer/msbuild/2003">
  <ItemGroup>
    <ClCompile Include="qubic.cpp" />
  </ItemGroup>
  <ItemGroup>
    <ClInclude Include="private_settings.h" />
    <ClInclude Include="public_settings.h" />
    <ClInclude Include="kangaroo_twelve.h" />
    <ClInclude Include="four_q.h" />
    <ClInclude Include="text_output.h" />
    <ClInclude Include="score.h" />
    <ClInclude Include="platform\concurrency.h">
      <Filter>platform</Filter>
    </ClInclude>
    <ClInclude Include="platform\m256.h">
      <Filter>platform</Filter>
    </ClInclude>
    <ClInclude Include="platform\memory.h">
      <Filter>platform</Filter>
    </ClInclude>
    <ClInclude Include="platform\time.h">
      <Filter>platform</Filter>
    </ClInclude>
    <ClInclude Include="platform\console_logging.h">
      <Filter>platform</Filter>
    </ClInclude>
    <ClInclude Include="platform\common_types.h">
      <Filter>platform</Filter>
    </ClInclude>
    <ClInclude Include="platform\file_io.h">
      <Filter>platform</Filter>
    </ClInclude>
    <ClInclude Include="platform\time_stamp_counter.h">
      <Filter>platform</Filter>
    </ClInclude>
    <ClInclude Include="platform\random.h">
      <Filter>platform</Filter>
    </ClInclude>
    <ClInclude Include="system.h" />
    <ClInclude Include="network_messages\assets.h">
      <Filter>network_messages</Filter>
    </ClInclude>
    <ClInclude Include="network_messages\tick.h">
      <Filter>network_messages</Filter>
    </ClInclude>
    <ClInclude Include="network_messages\common_def.h">
      <Filter>network_messages</Filter>
    </ClInclude>
    <ClInclude Include="network_messages\all.h">
      <Filter>network_messages</Filter>
    </ClInclude>
    <ClInclude Include="network_messages\header.h">
      <Filter>network_messages</Filter>
    </ClInclude>
    <ClInclude Include="network_messages\special_command.h">
      <Filter>network_messages</Filter>
    </ClInclude>
    <ClInclude Include="network_messages\contract.h">
      <Filter>network_messages</Filter>
    </ClInclude>
    <ClInclude Include="network_messages\public_peers.h">
      <Filter>network_messages</Filter>
    </ClInclude>
    <ClInclude Include="network_messages\transactions.h">
      <Filter>network_messages</Filter>
    </ClInclude>
    <ClInclude Include="network_messages\broadcast_message.h">
      <Filter>network_messages</Filter>
    </ClInclude>
    <ClInclude Include="network_messages\entity.h">
      <Filter>network_messages</Filter>
    </ClInclude>
    <ClInclude Include="network_messages\common_response.h">
      <Filter>network_messages</Filter>
    </ClInclude>
    <ClInclude Include="network_messages\computors.h">
      <Filter>network_messages</Filter>
    </ClInclude>
    <ClInclude Include="score_cache.h" />
    <ClInclude Include="network_core\peers.h">
      <Filter>network_core</Filter>
    </ClInclude>
    <ClInclude Include="network_core\tcp4.h">
      <Filter>network_core</Filter>
    </ClInclude>
    <ClInclude Include="network_messages\system_info.h">
      <Filter>network_messages</Filter>
    </ClInclude>
    <ClInclude Include="platform\debugging.h">
      <Filter>platform</Filter>
    </ClInclude>
    <ClInclude Include="contracts\math_lib.h">
      <Filter>contracts</Filter>
    </ClInclude>
    <ClInclude Include="contracts\qpi.h">
      <Filter>contracts</Filter>
    </ClInclude>
    <ClInclude Include="contracts\Quottery.h">
      <Filter>contracts</Filter>
    </ClInclude>
    <ClInclude Include="contracts\MsVault.h">
      <Filter>contracts</Filter>
    </ClInclude>
    <ClInclude Include="contracts\QUtil.h">
      <Filter>contracts</Filter>
    </ClInclude>
    <ClInclude Include="contracts\Qx.h">
      <Filter>contracts</Filter>
    </ClInclude>
    <ClInclude Include="contracts\Random.h">
      <Filter>contracts</Filter>
    </ClInclude>
    <ClInclude Include="contracts\Qearn.h">
      <Filter>contracts</Filter>
    </ClInclude>
    <ClInclude Include="contracts\QVAULT.h">
      <Filter>contracts</Filter>
    </ClInclude>
    <ClInclude Include="contracts\QBAY.h">
      <Filter>contracts</Filter>
    </ClInclude>
    <ClInclude Include="contracts\Nostromo.h">
      <Filter>contracts</Filter>
    </ClInclude>
    <ClInclude Include="contract_core\contract_def.h">
      <Filter>contract_core</Filter>
    </ClInclude>
    <ClInclude Include="contract_core\stack_buffer.h">
      <Filter>contract_core</Filter>
    </ClInclude>
    <ClInclude Include="addons\tx_status_request.h">
      <Filter>addons</Filter>
    </ClInclude>
    <ClInclude Include="contract_core\contract_exec.h">
      <Filter>contract_core</Filter>
    </ClInclude>
    <ClInclude Include="platform\read_write_lock.h">
      <Filter>platform</Filter>
    </ClInclude>
    <ClInclude Include="platform\stack_size_tracker.h">
      <Filter>platform</Filter>
    </ClInclude>
    <ClInclude Include="platform\custom_stack.h">
      <Filter>platform</Filter>
    </ClInclude>
    <ClInclude Include="contracts\MyLastMatch.h">
      <Filter>contracts</Filter>
    </ClInclude>
    <ClInclude Include="contract_core\contract_action_tracker.h">
      <Filter>contract_core</Filter>
    </ClInclude>
    <ClInclude Include="vote_counter.h" />
    <ClInclude Include="contract_core\qpi_collection_impl.h">
      <Filter>contract_core</Filter>
    </ClInclude>
    <ClInclude Include="contract_core\qpi_proposal_voting.h">
      <Filter>contract_core</Filter>
    </ClInclude>
    <ClInclude Include="contracts\EmptyTemplate.h">
      <Filter>contracts</Filter>
    </ClInclude>
    <ClInclude Include="contracts\GeneralQuorumProposal.h">
      <Filter>contracts</Filter>
    </ClInclude>
    <ClInclude Include="contract_core\qpi_trivial_impl.h">
      <Filter>contract_core</Filter>
    </ClInclude>
    <ClInclude Include="contracts\SupplyWatcher.h">
      <Filter>contracts</Filter>
    </ClInclude>
    <ClInclude Include="common_buffers.h" />
    <ClInclude Include="contracts\ComputorControlledFund.h">
      <Filter>contracts</Filter>
    </ClInclude>
    <ClInclude Include="oracles\Price.h">
      <Filter>oracles</Filter>
    </ClInclude>
    <ClInclude Include="oracles\oracle_machines.h">
      <Filter>oracles</Filter>
    </ClInclude>
    <ClInclude Include="files\files.h">
      <Filter>files</Filter>
    </ClInclude>
    <ClInclude Include="mining\mining.h">
      <Filter>mining</Filter>
    </ClInclude>
    <ClInclude Include="logging\logging.h">
      <Filter>logging</Filter>
    </ClInclude>
    <ClInclude Include="logging\net_msg_impl.h">
      <Filter>logging</Filter>
    </ClInclude>
    <ClInclude Include="platform\assert.h">
      <Filter>platform</Filter>
    </ClInclude>
    <ClInclude Include="contract_core\qpi_spectrum_impl.h">
      <Filter>contract_core</Filter>
    </ClInclude>
    <ClInclude Include="contract_core\qpi_system_impl.h">
      <Filter>contract_core</Filter>
    </ClInclude>
    <ClInclude Include="contract_core\qpi_hash_map_impl.h">
      <Filter>contract_core</Filter>
    </ClInclude>
    <ClInclude Include="contract_core\qpi_asset_impl.h">
      <Filter>contract_core</Filter>
    </ClInclude>
    <ClInclude Include="assets\net_msg_impl.h">
      <Filter>assets</Filter>
    </ClInclude>
    <ClInclude Include="assets\assets.h">
      <Filter>assets</Filter>
    </ClInclude>
    <ClInclude Include="platform\global_var.h">
      <Filter>platform</Filter>
    </ClInclude>
    <ClInclude Include="contracts\TestExampleA.h">
      <Filter>contracts</Filter>
    </ClInclude>
    <ClInclude Include="contracts\TestExampleB.h">
      <Filter>contracts</Filter>
    </ClInclude>
    <ClInclude Include="platform\memory-util.h" />
    <ClInclude Include="ticking\ticking.h">
      <Filter>ticking</Filter>
    </ClInclude>
    <ClInclude Include="contract_core\qpi_ticking_impl.h">
      <Filter>contract_core</Filter>
    </ClInclude>
    <ClInclude Include="ticking\tick_storage.h">
      <Filter>ticking</Filter>
    </ClInclude>
    <ClInclude Include="spectrum\spectrum.h">
      <Filter>spectrum</Filter>
    </ClInclude>
    <ClInclude Include="spectrum\special_entities.h">
      <Filter>spectrum</Filter>
    </ClInclude>
    <ClInclude Include="network_messages\logging.h">
      <Filter>network_messages</Filter>
    </ClInclude>
    <ClInclude Include="contracts\Qswap.h">
      <Filter>contracts</Filter>
    </ClInclude>
    <ClInclude Include="platform\uint128.h">
      <Filter>platform</Filter>
    </ClInclude>
    <ClInclude Include="K12/kangaroo_twelve_xkcp.h" />
    <ClInclude Include="contracts\TestExampleC.h">
      <Filter>contracts</Filter>
    </ClInclude>
    <ClInclude Include="contract_core\ipo.h">
      <Filter>contract_core</Filter>
    </ClInclude>
    <ClInclude Include="contract_core\qpi_ipo_impl.h">
      <Filter>contract_core</Filter>
    </ClInclude>
    <ClInclude Include="contracts\TestExampleD.h">
      <Filter>contracts</Filter>
    </ClInclude>
    <ClInclude Include="platform\concurrency_impl.h">
      <Filter>platform</Filter>
    </ClInclude>
    <ClInclude Include="network_messages\custom_mining.h">
      <Filter>network_messages</Filter>
    </ClInclude>
    <ClInclude Include="platform\virtual_memory.h" />
    <ClInclude Include="platform\profiling.h">
      <Filter>platform</Filter>
    </ClInclude>
    <ClInclude Include="revenue.h" />
    <ClInclude Include="contract_core\qpi_mining_impl.h">
      <Filter>contract_core</Filter>
    </ClInclude>
    <ClInclude Include="contracts\Qdraw.h">
      <Filter>contracts</Filter>
    </ClInclude>
  </ItemGroup>
  <ItemGroup>
    <Filter Include="platform">
      <UniqueIdentifier>{160e9f94-b706-42f6-8517-2be8ade5c99d}</UniqueIdentifier>
    </Filter>
    <Filter Include="network_messages">
      <UniqueIdentifier>{b795f353-79db-454c-bfb3-2a42c2530e91}</UniqueIdentifier>
    </Filter>
    <Filter Include="network_core">
      <UniqueIdentifier>{33440ff4-d5a6-4881-ac01-cbd601935a3c}</UniqueIdentifier>
    </Filter>
    <Filter Include="contracts">
      <UniqueIdentifier>{b15197d9-5a5c-4c37-9009-6c2faf0f45a8}</UniqueIdentifier>
    </Filter>
    <Filter Include="contract_core">
      <UniqueIdentifier>{e18dc5b0-6ba9-4b8a-9221-71165f0335b9}</UniqueIdentifier>
    </Filter>
    <Filter Include="addons">
      <UniqueIdentifier>{d409258b-a63c-443f-8c7a-918c14f192a6}</UniqueIdentifier>
    </Filter>
    <Filter Include="oracles">
      <UniqueIdentifier>{74ae36a2-d776-43e9-a6b9-f41412f5fdd2}</UniqueIdentifier>
    </Filter>
    <Filter Include="files">
      <UniqueIdentifier>{ed6ee181-230c-46ac-91bd-234b9081e36f}</UniqueIdentifier>
    </Filter>
    <Filter Include="mining">
      <UniqueIdentifier>{df525479-7504-470c-a25a-de4af8be0e5d}</UniqueIdentifier>
    </Filter>
    <Filter Include="logging">
      <UniqueIdentifier>{d334594b-f24d-440e-949a-c791aa13f867}</UniqueIdentifier>
    </Filter>
    <Filter Include="assets">
      <UniqueIdentifier>{c1da3a12-d369-44a1-82b3-73e125ac20ed}</UniqueIdentifier>
    </Filter>
    <Filter Include="ticking">
      <UniqueIdentifier>{d49f7252-8e04-411d-8a14-a8eca902c392}</UniqueIdentifier>
    </Filter>
    <Filter Include="spectrum">
      <UniqueIdentifier>{2f27aed7-b9b8-4b8c-a70a-90f18385b167}</UniqueIdentifier>
    </Filter>
  </ItemGroup>
  <ItemGroup>
    <MASM Include="platform\custom_stack.asm">
      <Filter>platform</Filter>
    </MASM>
  </ItemGroup>
</Project>